
Microsoft Visual Studio Solution File, Format Version 12.00
# Visual Studio 15
VisualStudioVersion = 15.0.28307.271
MinimumVisualStudioVersion = 10.0.40219.1
Project("{FAE04EC0-301F-11D3-BF4B-00C04F79EFBC}") = "StartDotNet", "StartDotNet\StartDotNet.csproj", "{DB09EDD5-E314-4473-889C-4E71E433A75D}"
EndProject
Global
	GlobalSection(SolutionConfigurationPlatforms) = preSolution
		Debug|Any CPU = Debug|Any CPU
		Release|Any CPU = Release|Any CPU
	EndGlobalSection
	GlobalSection(ProjectConfigurationPlatforms) = postSolution
		{DB09EDD5-E314-4473-889C-4E71E433A75D}.Debug|Any CPU.ActiveCfg = Debug|Any CPU
		{DB09EDD5-E314-4473-889C-4E71E433A75D}.Debug|Any CPU.Build.0 = Debug|Any CPU
		{DB09EDD5-E314-4473-889C-4E71E433A75D}.Release|Any CPU.ActiveCfg = Release|Any CPU
		{DB09EDD5-E314-4473-889C-4E71E433A75D}.Release|Any CPU.Build.0 = Release|Any CPU
	EndGlobalSection
	GlobalSection(SolutionProperties) = preSolution
		HideSolutionNode = FALSE
	EndGlobalSection
	GlobalSection(ExtensibilityGlobals) = postSolution
		SolutionGuid = {2097A228-EC1C-4330-8E3C-6EC6F20DA781}
	EndGlobalSection
EndGlobal
